
Microsoft Visual Studio Solution File, Format Version 12.00
# Visual Studio Version 17
VisualStudioVersion = 17.10.35004.147
MinimumVisualStudioVersion = 10.0.40219.1
Project("{9A19103F-16F7-4668-BE54-9A1E7A4F7556}") = "OOP_Giris", "OOP_Giris\OOP_Giris.csproj", "{FE7AA286-2A98-457E-9C33-8578E8033B70}"
EndProject
Project("{9A19103F-16F7-4668-BE54-9A1E7A4F7556}") = "Giris1", "Giris1\Giris1.csproj", "{B72A6D2E-0435-4CF8-BAB6-B4CF5B45D6C0}"
EndProject
Project("{9A19103F-16F7-4668-BE54-9A1E7A4F7556}") = "Day3", "Day3\Day3.csproj", "{D6A167E5-1CA4-418C-A7F1-80ACF65FA3DC}"
EndProject
Project("{9A19103F-16F7-4668-BE54-9A1E7A4F7556}") = "Fonksiyonlar", "Fonksiyonlar\Fonksiyonlar.csproj", "{47471CF1-8F69-4A16-A431-610059BC5399}"
EndProject
Project("{9A19103F-16F7-4668-BE54-9A1E7A4F7556}") = "Fonksiyonlar_2", "Fonksiyonlar_2\Fonksiyonlar_2.csproj", "{C70515F9-7D31-4667-879A-592526FFB8AE}"
EndProject
Project("{9A19103F-16F7-4668-BE54-9A1E7A4F7556}") = "Diziler", "Diziler\Diziler.csproj", "{E7314CC4-BCEC-49C4-92A5-B450A2416FBF}"
EndProject
Project("{9A19103F-16F7-4668-BE54-9A1E7A4F7556}") = "Uygulama_1", "Uygulama_1\Uygulama_1.csproj", "{51858B35-9756-4D80-B9C3-C4F22C5F9467}"
EndProject
Project("{9A19103F-16F7-4668-BE54-9A1E7A4F7556}") = "OOP_1_Giris", "OOP_1_Giris,\OOP_1_Giris.csproj", "{3E1170A8-0976-4AA1-A22E-69FB1F5FCBCF}"
EndProject
Project("{9A19103F-16F7-4668-BE54-9A1E7A4F7556}") = "OOP_Uygulama", "OOP_Uygulama\OOP_Uygulama.csproj", "{EFFA7EC4-6597-41D0-8316-596B22BF2CD8}"
EndProject
Project("{9A19103F-16F7-4668-BE54-9A1E7A4F7556}") = "OOP_2", "OOP_2\OOP_2.csproj", "{C08A6EAE-0BDC-4A38-B52A-75C4870B4E8F}"
EndProject
Project("{9A19103F-16F7-4668-BE54-9A1E7A4F7556}") = "Collections", "Collections\Collections.csproj", "{4606463C-969A-4F20-8D3E-97FB6DDD2853}"
EndProject
Project("{9A19103F-16F7-4668-BE54-9A1E7A4F7556}") = "Collections_2", "Collections_2\Collections_2.csproj", "{1000E758-F370-4C9C-93B7-5EFE686254EF}"
EndProject
Project("{9A19103F-16F7-4668-BE54-9A1E7A4F7556}") = "Linq", "Linq\Linq.csproj", "{244FD31D-A678-45EC-9B51-4C640FDBC6F7}"
EndProject
Project("{9A19103F-16F7-4668-BE54-9A1E7A4F7556}") = "Collections_3", "Collections_3\Collections_3.csproj", "{2FE0763C-0F92-4756-895D-F921B6FA9EF6}"
EndProject
Project("{9A19103F-16F7-4668-BE54-9A1E7A4F7556}") = "OOP_example", "OOP_example\OOP_example.csproj", "{618FE0A0-CB02-4F4A-A233-81BEE4CAC9B2}"
EndProject
Project("{9A19103F-16F7-4668-BE54-9A1E7A4F7556}") = "Inheritance", "Inheritance\Inheritance.csproj", "{FEDD71D0-6F4A-422D-B5B4-0623A179FA35}"
EndProject
Project("{9A19103F-16F7-4668-BE54-9A1E7A4F7556}") = "Constructor", "Constructor\Constructor.csproj", "{DE358344-3AA6-44B9-B926-45A104669331}"
EndProject
Project("{9A19103F-16F7-4668-BE54-9A1E7A4F7556}") = "Encapsulation", "Encapsulation\Encapsulation.csproj", "{C34B11E4-BCB7-4E7A-924F-CB8C21C33134}"
EndProject
Project("{9A19103F-16F7-4668-BE54-9A1E7A4F7556}") = "Encapsulation-2", "Encapsulation-2\Encapsulation-2.csproj", "{DCB1ACF7-2A6D-4B5C-B357-02AB9C2F5ED5}"
EndProject
Project("{9A19103F-16F7-4668-BE54-9A1E7A4F7556}") = "Interface", "Interface\Interface.csproj", "{7983618E-2237-486E-BC32-499215F1F45C}"
EndProject
Project("{FAE04EC0-301F-11D3-BF4B-00C04F79EFBC}") = "Odev_1", "Odev_1\Odev_1.csproj", "{DE0BAAA3-FFFC-47BF-890F-7E77C6F2897C}"
EndProject
Project("{FAE04EC0-301F-11D3-BF4B-00C04F79EFBC}") = "Polymorphism_2", "Polymorphism_2\Polymorphism_2.csproj", "{7B5898A7-4E89-408A-B505-19490FC639E1}"
EndProject
Global
	GlobalSection(SolutionConfigurationPlatforms) = preSolution
		Debug|Any CPU = Debug|Any CPU
		Release|Any CPU = Release|Any CPU
	EndGlobalSection
	GlobalSection(ProjectConfigurationPlatforms) = postSolution
		{FE7AA286-2A98-457E-9C33-8578E8033B70}.Debug|Any CPU.ActiveCfg = Debug|Any CPU
		{FE7AA286-2A98-457E-9C33-8578E8033B70}.Debug|Any CPU.Build.0 = Debug|Any CPU
		{FE7AA286-2A98-457E-9C33-8578E8033B70}.Release|Any CPU.ActiveCfg = Release|Any CPU
		{FE7AA286-2A98-457E-9C33-8578E8033B70}.Release|Any CPU.Build.0 = Release|Any CPU
		{B72A6D2E-0435-4CF8-BAB6-B4CF5B45D6C0}.Debug|Any CPU.ActiveCfg = Debug|Any CPU
		{B72A6D2E-0435-4CF8-BAB6-B4CF5B45D6C0}.Debug|Any CPU.Build.0 = Debug|Any CPU
		{B72A6D2E-0435-4CF8-BAB6-B4CF5B45D6C0}.Release|Any CPU.ActiveCfg = Release|Any CPU
		{B72A6D2E-0435-4CF8-BAB6-B4CF5B45D6C0}.Release|Any CPU.Build.0 = Release|Any CPU
		{D6A167E5-1CA4-418C-A7F1-80ACF65FA3DC}.Debug|Any CPU.ActiveCfg = Debug|Any CPU
		{D6A167E5-1CA4-418C-A7F1-80ACF65FA3DC}.Debug|Any CPU.Build.0 = Debug|Any CPU
		{D6A167E5-1CA4-418C-A7F1-80ACF65FA3DC}.Release|Any CPU.ActiveCfg = Release|Any CPU
		{D6A167E5-1CA4-418C-A7F1-80ACF65FA3DC}.Release|Any CPU.Build.0 = Release|Any CPU
		{47471CF1-8F69-4A16-A431-610059BC5399}.Debug|Any CPU.ActiveCfg = Debug|Any CPU
		{47471CF1-8F69-4A16-A431-610059BC5399}.Debug|Any CPU.Build.0 = Debug|Any CPU
		{47471CF1-8F69-4A16-A431-610059BC5399}.Release|Any CPU.ActiveCfg = Release|Any CPU
		{47471CF1-8F69-4A16-A431-610059BC5399}.Release|Any CPU.Build.0 = Release|Any CPU
		{C70515F9-7D31-4667-879A-592526FFB8AE}.Debug|Any CPU.ActiveCfg = Debug|Any CPU
		{C70515F9-7D31-4667-879A-592526FFB8AE}.Debug|Any CPU.Build.0 = Debug|Any CPU
		{C70515F9-7D31-4667-879A-592526FFB8AE}.Release|Any CPU.ActiveCfg = Release|Any CPU
		{C70515F9-7D31-4667-879A-592526FFB8AE}.Release|Any CPU.Build.0 = Release|Any CPU
		{E7314CC4-BCEC-49C4-92A5-B450A2416FBF}.Debug|Any CPU.ActiveCfg = Debug|Any CPU
		{E7314CC4-BCEC-49C4-92A5-B450A2416FBF}.Debug|Any CPU.Build.0 = Debug|Any CPU
		{E7314CC4-BCEC-49C4-92A5-B450A2416FBF}.Release|Any CPU.ActiveCfg = Release|Any CPU
		{E7314CC4-BCEC-49C4-92A5-B450A2416FBF}.Release|Any CPU.Build.0 = Release|Any CPU
		{51858B35-9756-4D80-B9C3-C4F22C5F9467}.Debug|Any CPU.ActiveCfg = Debug|Any CPU
		{51858B35-9756-4D80-B9C3-C4F22C5F9467}.Debug|Any CPU.Build.0 = Debug|Any CPU
		{51858B35-9756-4D80-B9C3-C4F22C5F9467}.Release|Any CPU.ActiveCfg = Release|Any CPU
		{51858B35-9756-4D80-B9C3-C4F22C5F9467}.Release|Any CPU.Build.0 = Release|Any CPU
		{3E1170A8-0976-4AA1-A22E-69FB1F5FCBCF}.Debug|Any CPU.ActiveCfg = Debug|Any CPU
		{3E1170A8-0976-4AA1-A22E-69FB1F5FCBCF}.Debug|Any CPU.Build.0 = Debug|Any CPU
		{3E1170A8-0976-4AA1-A22E-69FB1F5FCBCF}.Release|Any CPU.ActiveCfg = Release|Any CPU
		{3E1170A8-0976-4AA1-A22E-69FB1F5FCBCF}.Release|Any CPU.Build.0 = Release|Any CPU
		{EFFA7EC4-6597-41D0-8316-596B22BF2CD8}.Debug|Any CPU.ActiveCfg = Debug|Any CPU
		{EFFA7EC4-6597-41D0-8316-596B22BF2CD8}.Debug|Any CPU.Build.0 = Debug|Any CPU
		{EFFA7EC4-6597-41D0-8316-596B22BF2CD8}.Release|Any CPU.ActiveCfg = Release|Any CPU
		{EFFA7EC4-6597-41D0-8316-596B22BF2CD8}.Release|Any CPU.Build.0 = Release|Any CPU
		{C08A6EAE-0BDC-4A38-B52A-75C4870B4E8F}.Debug|Any CPU.ActiveCfg = Debug|Any CPU
		{C08A6EAE-0BDC-4A38-B52A-75C4870B4E8F}.Debug|Any CPU.Build.0 = Debug|Any CPU
		{C08A6EAE-0BDC-4A38-B52A-75C4870B4E8F}.Release|Any CPU.ActiveCfg = Release|Any CPU
		{C08A6EAE-0BDC-4A38-B52A-75C4870B4E8F}.Release|Any CPU.Build.0 = Release|Any CPU
		{4606463C-969A-4F20-8D3E-97FB6DDD2853}.Debug|Any CPU.ActiveCfg = Debug|Any CPU
		{4606463C-969A-4F20-8D3E-97FB6DDD2853}.Debug|Any CPU.Build.0 = Debug|Any CPU
		{4606463C-969A-4F20-8D3E-97FB6DDD2853}.Release|Any CPU.ActiveCfg = Release|Any CPU
		{4606463C-969A-4F20-8D3E-97FB6DDD2853}.Release|Any CPU.Build.0 = Release|Any CPU
		{1000E758-F370-4C9C-93B7-5EFE686254EF}.Debug|Any CPU.ActiveCfg = Debug|Any CPU
		{1000E758-F370-4C9C-93B7-5EFE686254EF}.Debug|Any CPU.Build.0 = Debug|Any CPU
		{1000E758-F370-4C9C-93B7-5EFE686254EF}.Release|Any CPU.ActiveCfg = Release|Any CPU
		{1000E758-F370-4C9C-93B7-5EFE686254EF}.Release|Any CPU.Build.0 = Release|Any CPU
		{244FD31D-A678-45EC-9B51-4C640FDBC6F7}.Debug|Any CPU.ActiveCfg = Debug|Any CPU
		{244FD31D-A678-45EC-9B51-4C640FDBC6F7}.Debug|Any CPU.Build.0 = Debug|Any CPU
		{244FD31D-A678-45EC-9B51-4C640FDBC6F7}.Release|Any CPU.ActiveCfg = Release|Any CPU
		{244FD31D-A678-45EC-9B51-4C640FDBC6F7}.Release|Any CPU.Build.0 = Release|Any CPU
		{2FE0763C-0F92-4756-895D-F921B6FA9EF6}.Debug|Any CPU.ActiveCfg = Debug|Any CPU
		{2FE0763C-0F92-4756-895D-F921B6FA9EF6}.Debug|Any CPU.Build.0 = Debug|Any CPU
		{2FE0763C-0F92-4756-895D-F921B6FA9EF6}.Release|Any CPU.ActiveCfg = Release|Any CPU
		{2FE0763C-0F92-4756-895D-F921B6FA9EF6}.Release|Any CPU.Build.0 = Release|Any CPU
		{618FE0A0-CB02-4F4A-A233-81BEE4CAC9B2}.Debug|Any CPU.ActiveCfg = Debug|Any CPU
		{618FE0A0-CB02-4F4A-A233-81BEE4CAC9B2}.Debug|Any CPU.Build.0 = Debug|Any CPU
		{618FE0A0-CB02-4F4A-A233-81BEE4CAC9B2}.Release|Any CPU.ActiveCfg = Release|Any CPU
		{618FE0A0-CB02-4F4A-A233-81BEE4CAC9B2}.Release|Any CPU.Build.0 = Release|Any CPU
		{FEDD71D0-6F4A-422D-B5B4-0623A179FA35}.Debug|Any CPU.ActiveCfg = Debug|Any CPU
		{FEDD71D0-6F4A-422D-B5B4-0623A179FA35}.Debug|Any CPU.Build.0 = Debug|Any CPU
		{FEDD71D0-6F4A-422D-B5B4-0623A179FA35}.Release|Any CPU.ActiveCfg = Release|Any CPU
		{FEDD71D0-6F4A-422D-B5B4-0623A179FA35}.Release|Any CPU.Build.0 = Release|Any CPU
		{DE358344-3AA6-44B9-B926-45A104669331}.Debug|Any CPU.ActiveCfg = Debug|Any CPU
		{DE358344-3AA6-44B9-B926-45A104669331}.Debug|Any CPU.Build.0 = Debug|Any CPU
		{DE358344-3AA6-44B9-B926-45A104669331}.Release|Any CPU.ActiveCfg = Release|Any CPU
		{DE358344-3AA6-44B9-B926-45A104669331}.Release|Any CPU.Build.0 = Release|Any CPU
		{C34B11E4-BCB7-4E7A-924F-CB8C21C33134}.Debug|Any CPU.ActiveCfg = Debug|Any CPU
		{C34B11E4-BCB7-4E7A-924F-CB8C21C33134}.Debug|Any CPU.Build.0 = Debug|Any CPU
		{C34B11E4-BCB7-4E7A-924F-CB8C21C33134}.Release|Any CPU.ActiveCfg = Release|Any CPU
		{C34B11E4-BCB7-4E7A-924F-CB8C21C33134}.Release|Any CPU.Build.0 = Release|Any CPU
		{DCB1ACF7-2A6D-4B5C-B357-02AB9C2F5ED5}.Debug|Any CPU.ActiveCfg = Debug|Any CPU
		{DCB1ACF7-2A6D-4B5C-B357-02AB9C2F5ED5}.Debug|Any CPU.Build.0 = Debug|Any CPU
		{DCB1ACF7-2A6D-4B5C-B357-02AB9C2F5ED5}.Release|Any CPU.ActiveCfg = Release|Any CPU
		{DCB1ACF7-2A6D-4B5C-B357-02AB9C2F5ED5}.Release|Any CPU.Build.0 = Release|Any CPU
		{7983618E-2237-486E-BC32-499215F1F45C}.Debug|Any CPU.ActiveCfg = Debug|Any CPU
		{7983618E-2237-486E-BC32-499215F1F45C}.Debug|Any CPU.Build.0 = Debug|Any CPU
		{7983618E-2237-486E-BC32-499215F1F45C}.Release|Any CPU.ActiveCfg = Release|Any CPU
		{7983618E-2237-486E-BC32-499215F1F45C}.Release|Any CPU.Build.0 = Release|Any CPU
		{DE0BAAA3-FFFC-47BF-890F-7E77C6F2897C}.Debug|Any CPU.ActiveCfg = Debug|Any CPU
		{DE0BAAA3-FFFC-47BF-890F-7E77C6F2897C}.Debug|Any CPU.Build.0 = Debug|Any CPU
		{DE0BAAA3-FFFC-47BF-890F-7E77C6F2897C}.Release|Any CPU.ActiveCfg = Release|Any CPU
		{DE0BAAA3-FFFC-47BF-890F-7E77C6F2897C}.Release|Any CPU.Build.0 = Release|Any CPU
		{7B5898A7-4E89-408A-B505-19490FC639E1}.Debug|Any CPU.ActiveCfg = Debug|Any CPU
		{7B5898A7-4E89-408A-B505-19490FC639E1}.Debug|Any CPU.Build.0 = Debug|Any CPU
		{7B5898A7-4E89-408A-B505-19490FC639E1}.Release|Any CPU.ActiveCfg = Release|Any CPU
		{7B5898A7-4E89-408A-B505-19490FC639E1}.Release|Any CPU.Build.0 = Release|Any CPU
	EndGlobalSection
	GlobalSection(SolutionProperties) = preSolution
		HideSolutionNode = FALSE
	EndGlobalSection
	GlobalSection(ExtensibilityGlobals) = postSolution
		SolutionGuid = {1E1E6BEF-6CB1-440B-BB20-71EF3F54040F}
	EndGlobalSection
EndGlobal
